Microsoft Visual Studio Solution File, Format Version 12.00
# Visual Studio Version 17
VisualStudioVersion = 17.5.2.0
MinimumVisualStudioVersion = 10.0.40219.1
Project("{FAE04EC0-301F-11D3-BF4B-00C04F79EFBC}") = "PetManager", "PetManager.csproj", "{15B7732A-52C7-289F-BE1C-58459D3FB0E6}"
EndProject
Global
	GlobalSection(SolutionConfigurationPlatforms) = preSolution
		Debug|Any CPU = Debug|Any CPU
		Release|Any CPU = Release|Any CPU
	EndGlobalSection
	GlobalSection(ProjectConfigurationPlatforms) = postSolution
		{15B7732A-52C7-289F-BE1C-58459D3FB0E6}.Debug|Any CPU.ActiveCfg = Debug|Any CPU
		{15B7732A-52C7-289F-BE1C-58459D3FB0E6}.Debug|Any CPU.Build.0 = Debug|Any CPU
		{15B7732A-52C7-289F-BE1C-58459D3FB0E6}.Release|Any CPU.ActiveCfg = Release|Any CPU
		{15B7732A-52C7-289F-BE1C-58459D3FB0E6}.Release|Any CPU.Build.0 = Release|Any CPU
	EndGlobalSection
	GlobalSection(SolutionProperties) = preSolution
		HideSolutionNode = FALSE
	EndGlobalSection
	GlobalSection(ExtensibilityGlobals) = postSolution
		SolutionGuid = {F49CFA36-0ED9-4AE7-B215-67318740DD0C}
	EndGlobalSection
EndGlobal
